
Microsoft Visual Studio Solution File, Format Version 12.00
Project("{FAE04EC0-301F-11D3-BF4B-00C04F79EFBC}") = "Asv.MusicStore", "Asv.MusicStore\Asv.MusicStore.csproj", "{0F3679CE-DD32-4395-AC63-6A1F4D271867}"
EndProject
Global
	GlobalSection(SolutionConfigurationPlatforms) = preSolution
		Debug|Any CPU = Debug|Any CPU
		Release|Any CPU = Release|Any CPU
	EndGlobalSection
	GlobalSection(ProjectConfigurationPlatforms) = postSolution
		{0F3679CE-DD32-4395-AC63-6A1F4D271867}.Debug|Any CPU.ActiveCfg = Debug|Any CPU
		{0F3679CE-DD32-4395-AC63-6A1F4D271867}.Debug|Any CPU.Build.0 = Debug|Any CPU
		{0F3679CE-DD32-4395-AC63-6A1F4D271867}.Release|Any CPU.ActiveCfg = Release|Any CPU
		{0F3679CE-DD32-4395-AC63-6A1F4D271867}.Release|Any CPU.Build.0 = Release|Any CPU
	EndGlobalSection
EndGlobal
